// !$*UTF8*$!
{
	archiveVersion = 1;
	classes = {
	};
	objectVersion = 50;
	objects = {

/* Begin PBXBuildFile section */
		CAB86A3725E5BFF00050D6A2 /* AppDelegate.swift in Sources */ = {isa = PBXBuildFile; fileRef = CAB86A3625E5BFF00050D6A2 /* AppDelegate.swift */; };
		CAB86A3925E5BFF00050D6A2 /* SceneDelegate.swift in Sources */ = {isa = PBXBuildFile; fileRef = CAB86A3825E5BFF00050D6A2 /* SceneDelegate.swift */; };
		CAB86A3B25E5BFF00050D6A2 /* ViewController.swift in Sources */ = {isa = PBXBuildFile; fileRef = CAB86A3A25E5BFF00050D6A2 /* ViewController.swift */; };
		CAB86A3E25E5BFF00050D6A2 /* Main.storyboard in Resources */ = {isa = PBXBuildFile; fileRef = CAB86A3C25E5BFF00050D6A2 /* Main.storyboard */; };
		CAB86A4025E5BFF10050D6A2 /* Assets.xcassets in Resources */ = {isa = PBXBuildFile; fileRef = CAB86A3F25E5BFF10050D6A2 /* Assets.xcassets */; };
		CAB86A4325E5BFF10050D6A2 /* LaunchScreen.storyboard in Resources */ = {isa = PBXBuildFile; fileRef = CAB86A4125E5BFF10050D6A2 /* LaunchScreen.storyboard */; };
		CAB86A5325E5C2FB0050D6A2 /* MainTapController.swift in Sources */ = {isa = PBXBuildFile; fileRef = CAB86A5225E5C2FB0050D6A2 /* MainTapController.swift */; };
		CAB86A5B25E5C4640050D6A2 /* FeedController.swift in Sources */ = {isa = PBXBuildFile; fileRef = CAB86A5A25E5C4640050D6A2 /* FeedController.swift */; };
		CAB86A5E25E5C4CF0050D6A2 /* ExploreController.swift in Sources */ = {isa = PBXBuildFile; fileRef = CAB86A5D25E5C4CF0050D6A2 /* ExploreController.swift */; };
		CAB86A6125E5C5060050D6A2 /* NotificationsController.swift in Sources */ = {isa = PBXBuildFile; fileRef = CAB86A6025E5C5060050D6A2 /* NotificationsController.swift */; };
		CAB86A6425E5C51D0050D6A2 /* ConversationsController.swift in Sources */ = {isa = PBXBuildFile; fileRef = CAB86A6325E5C51D0050D6A2 /* ConversationsController.swift */; };
		CAB86A6725E6173E0050D6A2 /* Extensions.swift in Sources */ = {isa = PBXBuildFile; fileRef = CAB86A6625E6173E0050D6A2 /* Extensions.swift */; };
		CAB86A6B25E624AB0050D6A2 /* LogginController.swift in Sources */ = {isa = PBXBuildFile; fileRef = CAB86A6A25E624AB0050D6A2 /* LogginController.swift */; };
		CAB86A6E25E6254D0050D6A2 /* RegistrationController.swift in Sources */ = {isa = PBXBuildFile; fileRef = CAB86A6D25E6254D0050D6A2 /* RegistrationController.swift */; };
		CAB86A7225E6D6800050D6A2 /* Utilities.swift in Sources */ = {isa = PBXBuildFile; fileRef = CAB86A7125E6D6800050D6A2 /* Utilities.swift */; };
/* End PBXBuildFile section */

/* Begin PBXFileReference section */
		CAB86A3325E5BFF00050D6A2 /* Tweet_Me.app */ = {isa = PBXFileReference; explicitFileType = wrapper.application; includeInIndex = 0; path = Tweet_Me.app; sourceTree = BUILT_PRODUCTS_DIR; };
		CAB86A3625E5BFF00050D6A2 /* AppDelegate.swift */ = {isa = PBXFileReference; lastKnownFileType = sourcecode.swift; path = AppDelegate.swift; sourceTree = "<group>"; };
		CAB86A3825E5BFF00050D6A2 /* SceneDelegate.swift */ = {isa = PBXFileReference; lastKnownFileType = sourcecode.swift; path = SceneDelegate.swift; sourceTree = "<group>"; };
		CAB86A3A25E5BFF00050D6A2 /* ViewController.swift */ = {isa = PBXFileReference; lastKnownFileType = sourcecode.swift; path = ViewController.swift; sourceTree = "<group>"; };
		CAB86A3D25E5BFF00050D6A2 /* Base */ = {isa = PBXFileReference; lastKnownFileType = file.storyboard; name = Base; path = Base.lproj/Main.storyboard; sourceTree = "<group>"; };
		CAB86A3F25E5BFF10050D6A2 /* Assets.xcassets */ = {isa = PBXFileReference; lastKnownFileType = folder.assetcatalog; path = Assets.xcassets; sourceTree = "<group>"; };
		CAB86A4225E5BFF10050D6A2 /* Base */ = {isa = PBXFileReference; lastKnownFileType = file.storyboard; name = Base; path = Base.lproj/LaunchScreen.storyboard; sourceTree = "<group>"; };
		CAB86A4425E5BFF10050D6A2 /* Info.plist */ = {isa = PBXFileReference; lastKnownFileType = text.plist.xml; path = Info.plist; sourceTree = "<group>"; };
		CAB86A5225E5C2FB0050D6A2 /* MainTapController.swift */ = {isa = PBXFileReference; lastKnownFileType = sourcecode.swift; path = MainTapController.swift; sourceTree = "<group>"; };
		CAB86A5A25E5C4640050D6A2 /* FeedController.swift */ = {isa = PBXFileReference; lastKnownFileType = sourcecode.swift; path = FeedController.swift; sourceTree = "<group>"; };
		CAB86A5D25E5C4CF0050D6A2 /* ExploreController.swift */ = {isa = PBXFileReference; lastKnownFileType = sourcecode.swift; path = ExploreController.swift; sourceTree = "<group>"; };
		CAB86A6025E5C5060050D6A2 /* NotificationsController.swift */ = {isa = PBXFileReference; lastKnownFileType = sourcecode.swift; path = NotificationsController.swift; sourceTree = "<group>"; };
		CAB86A6325E5C51D0050D6A2 /* ConversationsController.swift */ = {isa = PBXFileReference; lastKnownFileType = sourcecode.swift; path = ConversationsController.swift; sourceTree = "<group>"; };
		CAB86A6625E6173E0050D6A2 /* Extensions.swift */ = {isa = PBXFileReference; lastKnownFileType = sourcecode.swift; path = Extensions.swift; sourceTree = "<group>"; };
		CAB86A6A25E624AB0050D6A2 /* LogginController.swift */ = {isa = PBXFileReference; lastKnownFileType = sourcecode.swift; path = LogginController.swift; sourceTree = "<group>"; };
		CAB86A6D25E6254D0050D6A2 /* RegistrationController.swift */ = {isa = PBXFileReference; lastKnownFileType = sourcecode.swift; path = RegistrationController.swift; sourceTree = "<group>"; };
		CAB86A7125E6D6800050D6A2 /* Utilities.swift */ = {isa = PBXFileReference; lastKnownFileType = sourcecode.swift; path = Utilities.swift; sourceTree = "<group>"; };
/* End PBXFileReference section */

/* Begin PBXFrameworksBuildPhase section */
		CAB86A3025E5BFF00050D6A2 /* Frameworks */ = {
			isa = PBXFrameworksBuildPhase;
			buildActionMask = 2147483647;
			files = (
			);
			runOnlyForDeploymentPostprocessing = 0;
		};
/* End PBXFrameworksBuildPhase section */

/* Begin PBXGroup section */
		CAB86A2A25E5BFF00050D6A2 = {
			isa = PBXGroup;
			children = (
				CAB86A3525E5BFF00050D6A2 /* Tweet_Me */,
				CAB86A3425E5BFF00050D6A2 /* Products */,
			);
			sourceTree = "<group>";
		};
		CAB86A3425E5BFF00050D6A2 /* Products */ = {
			isa = PBXGroup;
			children = (
				CAB86A3325E5BFF00050D6A2 /* Tweet_Me.app */,
			);
			name = Products;
			sourceTree = "<group>";
		};
		CAB86A3525E5BFF00050D6A2 /* Tweet_Me */ = {
			isa = PBXGroup;
			children = (
				CAB86A4C25E5C0A60050D6A2 /* View */,
				CAB86A4D25E5C0AD0050D6A2 /* ViewModel */,
				CAB86A4F25E5C0C00050D6A2 /* Model */,
				CAB86A4E25E5C0B70050D6A2 /* Controller */,
				CAB86A5025E5C0CE0050D6A2 /* API */,
				CAB86A5125E5C0D30050D6A2 /* Utils */,
				CAB86A3A25E5BFF00050D6A2 /* ViewController.swift */,
				CAB86A3F25E5BFF10050D6A2 /* Assets.xcassets */,
				CAB86A4125E5BFF10050D6A2 /* LaunchScreen.storyboard */,
				CAB86A3C25E5BFF00050D6A2 /* Main.storyboard */,
				CAB86A3625E5BFF00050D6A2 /* AppDelegate.swift */,
				CAB86A3825E5BFF00050D6A2 /* SceneDelegate.swift */,
				CAB86A4425E5BFF10050D6A2 /* Info.plist */,
			);
			path = Tweet_Me;
			sourceTree = "<group>";
		};
		CAB86A4C25E5C0A60050D6A2 /* View */ = {
			isa = PBXGroup;
			children = (
			);
			path = View;
			sourceTree = "<group>";
		};
		CAB86A4D25E5C0AD0050D6A2 /* ViewModel */ = {
			isa = PBXGroup;
			children = (
			);
			path = ViewModel;
			sourceTree = "<group>";
		};
		CAB86A4E25E5C0B70050D6A2 /* Controller */ = {
			isa = PBXGroup;
			children = (
				CAB86A6925E6247A0050D6A2 /* Authentication */,
				CAB86A5225E5C2FB0050D6A2 /* MainTapController.swift */,
				CAB86A5A25E5C4640050D6A2 /* FeedController.swift */,
				CAB86A5D25E5C4CF0050D6A2 /* ExploreController.swift */,
				CAB86A6025E5C5060050D6A2 /* NotificationsController.swift */,
				CAB86A6325E5C51D0050D6A2 /* ConversationsController.swift */,
			);
			path = Controller;
			sourceTree = "<group>";
		};
		CAB86A4F25E5C0C00050D6A2 /* Model */ = {
			isa = PBXGroup;
			children = (
			);
			path = Model;
			sourceTree = "<group>";
		};
		CAB86A5025E5C0CE0050D6A2 /* API */ = {
			isa = PBXGroup;
			children = (
			);
			path = API;
			sourceTree = "<group>";
		};
		CAB86A5125E5C0D30050D6A2 /* Utils */ = {
			isa = PBXGroup;
			children = (
				CAB86A6625E6173E0050D6A2 /* Extensions.swift */,
				CAB86A7125E6D6800050D6A2 /* Utilities.swift */,
			);
			path = Utils;
			sourceTree = "<group>";
		};
		CAB86A6925E6247A0050D6A2 /* Authentication */ = {
			isa = PBXGroup;
			children = (
				CAB86A6A25E624AB0050D6A2 /* LogginController.swift */,
				CAB86A6D25E6254D0050D6A2 /* RegistrationController.swift */,
			);
			path = Authentication;
			sourceTree = "<group>";
		};
/* End PBXGroup section */

/* Begin PBXNativeTarget section */
		CAB86A3225E5BFF00050D6A2 /* Tweet_Me */ = {
			isa = PBXNativeTarget;
			buildConfigurationList = CAB86A4725E5BFF10050D6A2 /* Build configuration list for PBXNativeTarget "Tweet_Me" */;
			buildPhases = (
				CAB86A2F25E5BFF00050D6A2 /* Sources */,
				CAB86A3025E5BFF00050D6A2 /* Frameworks */,
				CAB86A3125E5BFF00050D6A2 /* Resources */,
			);
			buildRules = (
			);
			dependencies = (
			);
			name = Tweet_Me;
			productName = Tweet_Me;
			productReference = CAB86A3325E5BFF00050D6A2 /* Tweet_Me.app */;
			productType = "com.apple.product-type.application";
		};
/* End PBXNativeTarget section */

/* Begin PBXProject section */
		CAB86A2B25E5BFF00050D6A2 /* Project object */ = {
			isa = PBXProject;
			attributes = {
				LastSwiftUpdateCheck = 1240;
				LastUpgradeCheck = 1240;
				TargetAttributes = {
					CAB86A3225E5BFF00050D6A2 = {
						CreatedOnToolsVersion = 12.4;
					};
				};
			};
			buildConfigurationList = CAB86A2E25E5BFF00050D6A2 /* Build configuration list for PBXProject "Tweet_Me" */;
			compatibilityVersion = "Xcode 9.3";
			developmentRegion = en;
			hasScannedForEncodings = 0;
			knownRegions = (
				en,
				Base,
			);
			mainGroup = CAB86A2A25E5BFF00050D6A2;
			productRefGroup = CAB86A3425E5BFF00050D6A2 /* Products */;
			projectDirPath = "";
			projectRoot = "";
			targets = (
				CAB86A3225E5BFF00050D6A2 /* Tweet_Me */,
			);
		};
/* End PBXProject section */

/* Begin PBXResourcesBuildPhase section */
		CAB86A3125E5BFF00050D6A2 /* Resources */ = {
			isa = PBXResourcesBuildPhase;
			buildActionMask = 2147483647;
			files = (
				CAB86A4325E5BFF10050D6A2 /* LaunchScreen.storyboard in Resources */,
				CAB86A4025E5BFF10050D6A2 /* Assets.xcassets in Resources */,
				CAB86A3E25E5BFF00050D6A2 /* Main.storyboard in Resources */,
			);
			runOnlyForDeploymentPostprocessing = 0;
		};
/* End PBXResourcesBuildPhase section */

/* Begin PBXSourcesBuildPhase section */
		CAB86A2F25E5BFF00050D6A2 /* Sources */ = {
			isa = PBXSourcesBuildPhase;
			buildActionMask = 2147483647;
			files = (
				CAB86A5325E5C2FB0050D6A2 /* MainTapController.swift in Sources */,
				CAB86A6725E6173E0050D6A2 /* Extensions.swift in Sources */,
				CAB86A3B25E5BFF00050D6A2 /* ViewController.swift in Sources */,
				CAB86A6425E5C51D0050D6A2 /* ConversationsController.swift in Sources */,
				CAB86A5B25E5C4640050D6A2 /* FeedController.swift in Sources */,
				CAB86A3725E5BFF00050D6A2 /* AppDelegate.swift in Sources */,
				CAB86A7225E6D6800050D6A2 /* Utilities.swift in Sources */,
				CAB86A6E25E6254D0050D6A2 /* RegistrationController.swift in Sources */,
				CAB86A6125E5C5060050D6A2 /* NotificationsController.swift in Sources */,
				CAB86A6B25E624AB0050D6A2 /* LogginController.swift in Sources */,
				CAB86A3925E5BFF00050D6A2 /* SceneDelegate.swift in Sources */,
				CAB86A5E25E5C4CF0050D6A2 /* ExploreController.swift in Sources */,
			);
			runOnlyForDeploymentPostprocessing = 0;
		};
/* End PBXSourcesBuildPhase section */

/* Begin PBXVariantGroup section */
		CAB86A3C25E5BFF00050D6A2 /* Main.storyboard */ = {
			isa = PBXVariantGroup;
			children = (
				CAB86A3D25E5BFF00050D6A2 /* Base */,
			);
			name = Main.storyboard;
			sourceTree = "<group>";
		};
		CAB86A4125E5BFF10050D6A2 /* LaunchScreen.storyboard */ = {
			isa = PBXVariantGroup;
			children = (
				CAB86A4225E5BFF10050D6A2 /* Base */,
			);
			name = LaunchScreen.storyboard;
			sourceTree = "<group>";
		};
/* End PBXVariantGroup section */

/* Begin XCBuildConfiguration section */
		CAB86A4525E5BFF10050D6A2 /* Debug */ = {
			isa = XCBuildConfiguration;
			buildSettings = {
				ALWAYS_SEARCH_USER_PATHS = NO;
				CLANG_ANALYZER_NONNULL = YES;
				CLANG_ANALYZER_NUMBER_OBJECT_CONVERSION = YES_AGGRESSIVE;
				CLANG_CXX_LANGUAGE_STANDARD = "gnu++14";
				CLANG_CXX_LIBRARY = "libc++";
				CLANG_ENABLE_MODULES = YES;
				CLANG_ENABLE_OBJC_ARC = YES;
				CLANG_ENABLE_OBJC_WEAK = YES;
				CLANG_WARN_BLOCK_CAPTURE_AUTORELEASING = YES;
				CLANG_WARN_BOOL_CONVERSION = YES;
				CLANG_WARN_COMMA = YES;
				CLANG_WARN_CONSTANT_CONVERSION = YES;
				CLANG_WARN_DEPRECATED_OBJC_IMPLEMENTATIONS = YES;
				CLANG_WARN_DIRECT_OBJC_ISA_USAGE = YES_ERROR;
				CLANG_WARN_DOCUMENTATION_COMMENTS = YES;
				CLANG_WARN_EMPTY_BODY = YES;
				CLANG_WARN_ENUM_CONVERSION = YES;
				CLANG_WARN_INFINITE_RECURSION = YES;
				CLANG_WARN_INT_CONVERSION = YES;
				CLANG_WARN_NON_LITERAL_NULL_CONVERSION = YES;
				CLANG_WARN_OBJC_IMPLICIT_RETAIN_SELF = YES;
				CLANG_WARN_OBJC_LITERAL_CONVERSION = YES;
				CLANG_WARN_OBJC_ROOT_CLASS = YES_ERROR;
				CLANG_WARN_QUOTED_INCLUDE_IN_FRAMEWORK_HEADER = YES;
				CLANG_WARN_RANGE_LOOP_ANALYSIS = YES;
				CLANG_WARN_STRICT_PROTOTYPES = YES;
				CLANG_WARN_SUSPICIOUS_MOVE = YES;
				CLANG_WARN_UNGUARDED_AVAILABILITY = YES_AGGRESSIVE;
				CLANG_WARN_UNREACHABLE_CODE = YES;
				CLANG_WARN__DUPLICATE_METHOD_MATCH = YES;
				COPY_PHASE_STRIP = NO;
				DEBUG_INFORMATION_FORMAT = dwarf;
				ENABLE_STRICT_OBJC_MSGSEND = YES;
				ENABLE_TESTABILITY = YES;
				GCC_C_LANGUAGE_STANDARD = gnu11;
				GCC_DYNAMIC_NO_PIC = NO;
				GCC_NO_COMMON_BLOCKS = YES;
				GCC_OPTIMIZATION_LEVEL = 0;
				GCC_PREPROCESSOR_DEFINITIONS = (
					"DEBUG=1",
					"$(inherited)",
				);
				GCC_WARN_64_TO_32_BIT_CONVERSION = YES;
				GCC_WARN_ABOUT_RETURN_TYPE = YES_ERROR;
				GCC_WARN_UNDECLARED_SELECTOR = YES;
				GCC_WARN_UNINITIALIZED_AUTOS = YES_AGGRESSIVE;
				GCC_WARN_UNUSED_FUNCTION = YES;
				GCC_WARN_UNUSED_VARIABLE = YES;
				IPHONEOS_DEPLOYMENT_TARGET = 14.4;
				MTL_ENABLE_DEBUG_INFO = INCLUDE_SOURCE;
				MTL_FAST_MATH = YES;
				ONLY_ACTIVE_ARCH = YES;
				SDKROOT = iphoneos;
				SWIFT_ACTIVE_COMPILATION_CONDITIONS = DEBUG;
				SWIFT_OPTIMIZATION_LEVEL = "-Onone";
			};
			name = Debug;
		};
		CAB86A4625E5BFF10050D6A2 /* Release */ = {
			isa = XCBuildConfiguration;
			buildSettings = {
				ALWAYS_SEARCH_USER_PATHS = NO;
				CLANG_ANALYZER_NONNULL = YES;
				CLANG_ANALYZER_NUMBER_OBJECT_CONVERSION = YES_AGGRESSIVE;
				CLANG_CXX_LANGUAGE_STANDARD = "gnu++14";
				CLANG_CXX_LIBRARY = "libc++";
				CLANG_ENABLE_MODULES = YES;
				CLANG_ENABLE_OBJC_ARC = YES;
				CLANG_ENABLE_OBJC_WEAK = YES;
				CLANG_WARN_BLOCK_CAPTURE_AUTORELEASING = YES;
				CLANG_WARN_BOOL_CONVERSION = YES;
				CLANG_WARN_COMMA = YES;
				CLANG_WARN_CONSTANT_CONVERSION = YES;
				CLANG_WARN_DEPRECATED_OBJC_IMPLEMENTATIONS = YES;
				CLANG_WARN_DIRECT_OBJC_ISA_USAGE = YES_ERROR;
				CLANG_WARN_DOCUMENTATION_COMMENTS = YES;
				CLANG_WARN_EMPTY_BODY = YES;
				CLANG_WARN_ENUM_CONVERSION = YES;
				CLANG_WARN_INFINITE_RECURSION = YES;
				CLANG_WARN_INT_CONVERSION = YES;
				CLANG_WARN_NON_LITERAL_NULL_CONVERSION = YES;
				CLANG_WARN_OBJC_IMPLICIT_RETAIN_SELF = YES;
				CLANG_WARN_OBJC_LITERAL_CONVERSION = YES;
				CLANG_WARN_OBJC_ROOT_CLASS = YES_ERROR;
				CLANG_WARN_QUOTED_INCLUDE_IN_FRAMEWORK_HEADER = YES;
				CLANG_WARN_RANGE_LOOP_ANALYSIS = YES;
				CLANG_WARN_STRICT_PROTOTYPES = YES;
				CLANG_WARN_SUSPICIOUS_MOVE = YES;
				CLANG_WARN_UNGUARDED_AVAILABILITY = YES_AGGRESSIVE;
				CLANG_WARN_UNREACHABLE_CODE = YES;
				CLANG_WARN__DUPLICATE_METHOD_MATCH = YES;
				COPY_PHASE_STRIP = NO;
				DEBUG_INFORMATION_FORMAT = "dwarf-with-dsym";
				ENABLE_NS_ASSERTIONS = NO;
				ENABLE_STRICT_OBJC_MSGSEND = YES;
				GCC_C_LANGUAGE_STANDARD = gnu11;
				GCC_NO_COMMON_BLOCKS = YES;
				GCC_WARN_64_TO_32_BIT_CONVERSION = YES;
				GCC_WARN_ABOUT_RETURN_TYPE = YES_ERROR;
				GCC_WARN_UNDECLARED_SELECTOR = YES;
				GCC_WARN_UNINITIALIZED_AUTOS = YES_AGGRESSIVE;
				GCC_WARN_UNUSED_FUNCTION = YES;
				GCC_WARN_UNUSED_VARIABLE = YES;
				IPHONEOS_DEPLOYMENT_TARGET = 14.4;
				MTL_ENABLE_DEBUG_INFO = NO;
				MTL_FAST_MATH = YES;
				SDKROOT = iphoneos;
				SWIFT_COMPILATION_MODE = wholemodule;
				SWIFT_OPTIMIZATION_LEVEL = "-O";
				VALIDATE_PRODUCT = YES;
			};
			name = Release;
		};
		CAB86A4825E5BFF10050D6A2 /* Debug */ = {
			isa = XCBuildConfiguration;
			buildSettings = {
				ASSETCATALOG_COMPILER_APPICON_NAME = AppIcon;
				ASSETCATALOG_COMPILER_GLOBAL_ACCENT_COLOR_NAME = AccentColor;
				CODE_SIGN_STYLE = Automatic;
				DEVELOPMENT_TEAM = 8V89Q595A6;
				INFOPLIST_FILE = Tweet_Me/Info.plist;
				LD_RUNPATH_SEARCH_PATHS = (
					"$(inherited)",
					"@executable_path/Frameworks",
				);
				PRODUCT_BUNDLE_IDENTIFIER = "Mini-project-mai.Tweet-Me";
				PRODUCT_NAME = "$(TARGET_NAME)";
				SWIFT_VERSION = 5.0;
				TARGETED_DEVICE_FAMILY = "1,2";
			};
			name = Debug;
		};
		CAB86A4925E5BFF10050D6A2 /* Release */ = {
			isa = XCBuildConfiguration;
			buildSettings = {
				ASSETCATALOG_COMPILER_APPICON_NAME = AppIcon;
				ASSETCATALOG_COMPILER_GLOBAL_ACCENT_COLOR_NAME = AccentColor;
				CODE_SIGN_STYLE = Automatic;
				DEVELOPMENT_TEAM = 8V89Q595A6;
				INFOPLIST_FILE = Tweet_Me/Info.plist;
				LD_RUNPATH_SEARCH_PATHS = (
					"$(inherited)",
					"@executable_path/Frameworks",
				);
				PRODUCT_BUNDLE_IDENTIFIER = "Mini-project-mai.Tweet-Me";
				PRODUCT_NAME = "$(TARGET_NAME)";
				SWIFT_VERSION = 5.0;
				TARGETED_DEVICE_FAMILY = "1,2";
			};
			name = Release;
		};
/* End XCBuildConfiguration section */

/* Begin XCConfigurationList section */
		CAB86A2E25E5BFF00050D6A2 /* Build configuration list for PBXProject "Tweet_Me" */ = {
			isa = XCConfigurationList;
			buildConfigurations = (
				CAB86A4525E5BFF10050D6A2 /* Debug */,
				CAB86A4625E5BFF10050D6A2 /* Release */,
			);
			defaultConfigurationIsVisible = 0;
			defaultConfigurationName = Release;
		};
		CAB86A4725E5BFF10050D6A2 /* Build configuration list for PBXNativeTarget "Tweet_Me" */ = {
			isa = XCConfigurationList;
			buildConfigurations = (
				CAB86A4825E5BFF10050D6A2 /* Debug */,
				CAB86A4925E5BFF10050D6A2 /* Release */,
			);
			defaultConfigurationIsVisible = 0;
			defaultConfigurationName = Release;
		};
/* End XCConfigurationList section */
	};
	rootObject = CAB86A2B25E5BFF00050D6A2 /* Project object */;
}
