// !$*UTF8*$!
{
	archiveVersion = 1;
	classes = {
	};
	objectVersion = 51;
	objects = {

/* Begin PBXBuildFile section */
		60A94BE2F687F17384B823BF /* Pods_Tweet_Me.framework in Frameworks */ = {isa = PBXBuildFile; fileRef = CCFB1334ADE752F27477EA06 /* Pods_Tweet_Me.framework */; };
		CA6C466425EB12BD0001E863 /* User.swift in Sources */ = {isa = PBXBuildFile; fileRef = CA6C466325EB12BD0001E863 /* User.swift */; };
		CA7547F325E9C39400B997DF /* GoogleService-Info.plist in Resources */ = {isa = PBXBuildFile; fileRef = CA7547F225E9C39400B997DF /* GoogleService-Info.plist */; };
		CA80AA0C25EDFCCF00ADCFD8 /* ProfileController.swift in Sources */ = {isa = PBXBuildFile; fileRef = CA80AA0B25EDFCCF00ADCFD8 /* ProfileController.swift */; };
		CA80AA0F25EE073B00ADCFD8 /* ProfileHeader.swift in Sources */ = {isa = PBXBuildFile; fileRef = CA80AA0E25EE073B00ADCFD8 /* ProfileHeader.swift */; };
		CA80AA1225EF151200ADCFD8 /* ProfileFilterView.swift in Sources */ = {isa = PBXBuildFile; fileRef = CA80AA1125EF151200ADCFD8 /* ProfileFilterView.swift */; };
		CA80AA1525EF186600ADCFD8 /* ProfileFilterCell.swift in Sources */ = {isa = PBXBuildFile; fileRef = CA80AA1425EF186600ADCFD8 /* ProfileFilterCell.swift */; };
		CA80AA1C25EF600E00ADCFD8 /* ProfileFilterOptions.swift in Sources */ = {isa = PBXBuildFile; fileRef = CA80AA1B25EF600E00ADCFD8 /* ProfileFilterOptions.swift */; };
		CA9E3E6925EC18B2005AC5E4 /* UploadTweetController.swift in Sources */ = {isa = PBXBuildFile; fileRef = CA9E3E6825EC18B2005AC5E4 /* UploadTweetController.swift */; };
		CA9E3E9025EC3A69005AC5E4 /* CaptionTextView.swift in Sources */ = {isa = PBXBuildFile; fileRef = CA9E3E8F25EC3A69005AC5E4 /* CaptionTextView.swift */; };
		CA9E3E9325EC45AB005AC5E4 /* TweetService.swift in Sources */ = {isa = PBXBuildFile; fileRef = CA9E3E9225EC45AB005AC5E4 /* TweetService.swift */; };
		CA9E3E9625EC8ACF005AC5E4 /* Tweet.swift in Sources */ = {isa = PBXBuildFile; fileRef = CA9E3E9525EC8ACF005AC5E4 /* Tweet.swift */; };
		CA9E3E9925ECADD0005AC5E4 /* TweetCell.swift in Sources */ = {isa = PBXBuildFile; fileRef = CA9E3E9825ECADD0005AC5E4 /* TweetCell.swift */; };
		CA9E3E9D25ECDB6E005AC5E4 /* UserService.swift in Sources */ = {isa = PBXBuildFile; fileRef = CA9E3E9C25ECDB6E005AC5E4 /* UserService.swift */; };
		CA9E3EA125ED9E92005AC5E4 /* TweetViewModel.swift in Sources */ = {isa = PBXBuildFile; fileRef = CA9E3EA025ED9E92005AC5E4 /* TweetViewModel.swift */; };
		CAA466B325E9FCB50052BBD5 /* Constants.swift in Sources */ = {isa = PBXBuildFile; fileRef = CAA466B225E9FCB50052BBD5 /* Constants.swift */; };
		CAA466B625EA24370052BBD5 /* AuthService.swift in Sources */ = {isa = PBXBuildFile; fileRef = CAA466B525EA24370052BBD5 /* AuthService.swift */; };
		CAB86A3725E5BFF00050D6A2 /* AppDelegate.swift in Sources */ = {isa = PBXBuildFile; fileRef = CAB86A3625E5BFF00050D6A2 /* AppDelegate.swift */; };
		CAB86A3925E5BFF00050D6A2 /* SceneDelegate.swift in Sources */ = {isa = PBXBuildFile; fileRef = CAB86A3825E5BFF00050D6A2 /* SceneDelegate.swift */; };
		CAB86A3B25E5BFF00050D6A2 /* ViewController.swift in Sources */ = {isa = PBXBuildFile; fileRef = CAB86A3A25E5BFF00050D6A2 /* ViewController.swift */; };
		CAB86A3E25E5BFF00050D6A2 /* Main.storyboard in Resources */ = {isa = PBXBuildFile; fileRef = CAB86A3C25E5BFF00050D6A2 /* Main.storyboard */; };
		CAB86A4025E5BFF10050D6A2 /* Assets.xcassets in Resources */ = {isa = PBXBuildFile; fileRef = CAB86A3F25E5BFF10050D6A2 /* Assets.xcassets */; };
		CAB86A4325E5BFF10050D6A2 /* LaunchScreen.storyboard in Resources */ = {isa = PBXBuildFile; fileRef = CAB86A4125E5BFF10050D6A2 /* LaunchScreen.storyboard */; };
		CAB86A5325E5C2FB0050D6A2 /* MainTapController.swift in Sources */ = {isa = PBXBuildFile; fileRef = CAB86A5225E5C2FB0050D6A2 /* MainTapController.swift */; };
		CAB86A5B25E5C4640050D6A2 /* FeedController.swift in Sources */ = {isa = PBXBuildFile; fileRef = CAB86A5A25E5C4640050D6A2 /* FeedController.swift */; };
		CAB86A5E25E5C4CF0050D6A2 /* ExploreController.swift in Sources */ = {isa = PBXBuildFile; fileRef = CAB86A5D25E5C4CF0050D6A2 /* ExploreController.swift */; };
		CAB86A6125E5C5060050D6A2 /* NotificationsController.swift in Sources */ = {isa = PBXBuildFile; fileRef = CAB86A6025E5C5060050D6A2 /* NotificationsController.swift */; };
		CAB86A6425E5C51D0050D6A2 /* ConversationsController.swift in Sources */ = {isa = PBXBuildFile; fileRef = CAB86A6325E5C51D0050D6A2 /* ConversationsController.swift */; };
		CAB86A6725E6173E0050D6A2 /* Extensions.swift in Sources */ = {isa = PBXBuildFile; fileRef = CAB86A6625E6173E0050D6A2 /* Extensions.swift */; };
		CAB86A6B25E624AB0050D6A2 /* LogginController.swift in Sources */ = {isa = PBXBuildFile; fileRef = CAB86A6A25E624AB0050D6A2 /* LogginController.swift */; };
		CAB86A6E25E6254D0050D6A2 /* RegistrationController.swift in Sources */ = {isa = PBXBuildFile; fileRef = CAB86A6D25E6254D0050D6A2 /* RegistrationController.swift */; };
		CAB86A7225E6D6800050D6A2 /* Utilities.swift in Sources */ = {isa = PBXBuildFile; fileRef = CAB86A7125E6D6800050D6A2 /* Utilities.swift */; };
		CAD741B525F1A88D00D0542F /* UserCell.swift in Sources */ = {isa = PBXBuildFile; fileRef = CAD741B425F1A88D00D0542F /* UserCell.swift */; };
/* End PBXBuildFile section */

/* Begin PBXFileReference section */
		43FB7BEDF8FE98D53089CF0B /* Pods-Tweet_Me.debug.xcconfig */ = {isa = PBXFileReference; includeInIndex = 1; lastKnownFileType = text.xcconfig; name = "Pods-Tweet_Me.debug.xcconfig"; path = "Target Support Files/Pods-Tweet_Me/Pods-Tweet_Me.debug.xcconfig"; sourceTree = "<group>"; };
		CA6C466325EB12BD0001E863 /* User.swift */ = {isa = PBXFileReference; lastKnownFileType = sourcecode.swift; name = User.swift; path = Tweet_Me/Models/User.swift; sourceTree = SOURCE_ROOT; };
		CA7547F225E9C39400B997DF /* GoogleService-Info.plist */ = {isa = PBXFileReference; fileEncoding = 4; lastKnownFileType = text.plist.xml; path = "GoogleService-Info.plist"; sourceTree = "<group>"; };
		CA80AA0B25EDFCCF00ADCFD8 /* ProfileController.swift */ = {isa = PBXFileReference; lastKnownFileType = sourcecode.swift; path = ProfileController.swift; sourceTree = "<group>"; };
		CA80AA0E25EE073B00ADCFD8 /* ProfileHeader.swift */ = {isa = PBXFileReference; lastKnownFileType = sourcecode.swift; name = ProfileHeader.swift; path = Tweet_Me/Controller/ProfileHeader.swift; sourceTree = SOURCE_ROOT; };
		CA80AA1125EF151200ADCFD8 /* ProfileFilterView.swift */ = {isa = PBXFileReference; lastKnownFileType = sourcecode.swift; name = ProfileFilterView.swift; path = Tweet_Me/Controller/ProfileFilterView.swift; sourceTree = SOURCE_ROOT; };
		CA80AA1425EF186600ADCFD8 /* ProfileFilterCell.swift */ = {isa = PBXFileReference; lastKnownFileType = sourcecode.swift; name = ProfileFilterCell.swift; path = Tweet_Me/Controller/ProfileFilterCell.swift; sourceTree = SOURCE_ROOT; };
		CA80AA1B25EF600E00ADCFD8 /* ProfileFilterOptions.swift */ = {isa = PBXFileReference; lastKnownFileType = sourcecode.swift; path = ProfileFilterOptions.swift; sourceTree = "<group>"; };
		CA9E3E6825EC18B2005AC5E4 /* UploadTweetController.swift */ = {isa = PBXFileReference; lastKnownFileType = sourcecode.swift; path = UploadTweetController.swift; sourceTree = "<group>"; };
		CA9E3E8F25EC3A69005AC5E4 /* CaptionTextView.swift */ = {isa = PBXFileReference; lastKnownFileType = sourcecode.swift; name = CaptionTextView.swift; path = Tweet_Me/Controller/CaptionTextView.swift; sourceTree = SOURCE_ROOT; };
		CA9E3E9225EC45AB005AC5E4 /* TweetService.swift */ = {isa = PBXFileReference; lastKnownFileType = sourcecode.swift; path = TweetService.swift; sourceTree = "<group>"; };
		CA9E3E9525EC8ACF005AC5E4 /* Tweet.swift */ = {isa = PBXFileReference; lastKnownFileType = sourcecode.swift; name = Tweet.swift; path = Tweet_Me/Models/Tweet.swift; sourceTree = SOURCE_ROOT; };
		CA9E3E9825ECADD0005AC5E4 /* TweetCell.swift */ = {isa = PBXFileReference; lastKnownFileType = sourcecode.swift; name = TweetCell.swift; path = Tweet_Me/API/TweetCell.swift; sourceTree = SOURCE_ROOT; };
		CA9E3E9C25ECDB6E005AC5E4 /* UserService.swift */ = {isa = PBXFileReference; lastKnownFileType = sourcecode.swift; path = UserService.swift; sourceTree = "<group>"; };
		CA9E3EA025ED9E92005AC5E4 /* TweetViewModel.swift */ = {isa = PBXFileReference; lastKnownFileType = sourcecode.swift; name = TweetViewModel.swift; path = Tweet_Me/ViewModel/TweetViewModel.swift; sourceTree = SOURCE_ROOT; };
		CAA466B225E9FCB50052BBD5 /* Constants.swift */ = {isa = PBXFileReference; lastKnownFileType = sourcecode.swift; path = Constants.swift; sourceTree = "<group>"; };
		CAA466B525EA24370052BBD5 /* AuthService.swift */ = {isa = PBXFileReference; lastKnownFileType = sourcecode.swift; path = AuthService.swift; sourceTree = "<group>"; };
		CAB86A3325E5BFF00050D6A2 /* Tweet_Me.app */ = {isa = PBXFileReference; explicitFileType = wrapper.application; includeInIndex = 0; path = Tweet_Me.app; sourceTree = BUILT_PRODUCTS_DIR; };
		CAB86A3625E5BFF00050D6A2 /* AppDelegate.swift */ = {isa = PBXFileReference; lastKnownFileType = sourcecode.swift; path = AppDelegate.swift; sourceTree = "<group>"; };
		CAB86A3825E5BFF00050D6A2 /* SceneDelegate.swift */ = {isa = PBXFileReference; lastKnownFileType = sourcecode.swift; path = SceneDelegate.swift; sourceTree = "<group>"; };
		CAB86A3A25E5BFF00050D6A2 /* ViewController.swift */ = {isa = PBXFileReference; lastKnownFileType = sourcecode.swift; path = ViewController.swift; sourceTree = "<group>"; };
		CAB86A3D25E5BFF00050D6A2 /* Base */ = {isa = PBXFileReference; lastKnownFileType = file.storyboard; name = Base; path = Base.lproj/Main.storyboard; sourceTree = "<group>"; };
		CAB86A3F25E5BFF10050D6A2 /* Assets.xcassets */ = {isa = PBXFileReference; lastKnownFileType = folder.assetcatalog; path = Assets.xcassets; sourceTree = "<group>"; };
		CAB86A4225E5BFF10050D6A2 /* Base */ = {isa = PBXFileReference; lastKnownFileType = file.storyboard; name = Base; path = Base.lproj/LaunchScreen.storyboard; sourceTree = "<group>"; };
		CAB86A4425E5BFF10050D6A2 /* Info.plist */ = {isa = PBXFileReference; lastKnownFileType = text.plist.xml; path = Info.plist; sourceTree = "<group>"; };
		CAB86A5225E5C2FB0050D6A2 /* MainTapController.swift */ = {isa = PBXFileReference; lastKnownFileType = sourcecode.swift; path = MainTapController.swift; sourceTree = "<group>"; };
		CAB86A5A25E5C4640050D6A2 /* FeedController.swift */ = {isa = PBXFileReference; lastKnownFileType = sourcecode.swift; path = FeedController.swift; sourceTree = "<group>"; };
		CAB86A5D25E5C4CF0050D6A2 /* ExploreController.swift */ = {isa = PBXFileReference; lastKnownFileType = sourcecode.swift; path = ExploreController.swift; sourceTree = "<group>"; };
		CAB86A6025E5C5060050D6A2 /* NotificationsController.swift */ = {isa = PBXFileReference; lastKnownFileType = sourcecode.swift; path = NotificationsController.swift; sourceTree = "<group>"; };
		CAB86A6325E5C51D0050D6A2 /* ConversationsController.swift */ = {isa = PBXFileReference; lastKnownFileType = sourcecode.swift; path = ConversationsController.swift; sourceTree = "<group>"; };
		CAB86A6625E6173E0050D6A2 /* Extensions.swift */ = {isa = PBXFileReference; lastKnownFileType = sourcecode.swift; path = Extensions.swift; sourceTree = "<group>"; };
		CAB86A6A25E624AB0050D6A2 /* LogginController.swift */ = {isa = PBXFileReference; lastKnownFileType = sourcecode.swift; path = LogginController.swift; sourceTree = "<group>"; };
		CAB86A6D25E6254D0050D6A2 /* RegistrationController.swift */ = {isa = PBXFileReference; lastKnownFileType = sourcecode.swift; path = RegistrationController.swift; sourceTree = "<group>"; };
		CAB86A7125E6D6800050D6A2 /* Utilities.swift */ = {isa = PBXFileReference; lastKnownFileType = sourcecode.swift; path = Utilities.swift; sourceTree = "<group>"; };
		CAD741B425F1A88D00D0542F /* UserCell.swift */ = {isa = PBXFileReference; lastKnownFileType = sourcecode.swift; name = UserCell.swift; path = Tweet_Me/ViewModel/UserCell.swift; sourceTree = SOURCE_ROOT; };
		CC8DCE9C0A6B98F5CDCB6E57 /* Pods-Tweet_Me.release.xcconfig */ = {isa = PBXFileReference; includeInIndex = 1; lastKnownFileType = text.xcconfig; name = "Pods-Tweet_Me.release.xcconfig"; path = "Target Support Files/Pods-Tweet_Me/Pods-Tweet_Me.release.xcconfig"; sourceTree = "<group>"; };
		CCFB1334ADE752F27477EA06 /* Pods_Tweet_Me.framework */ = {isa = PBXFileReference; explicitFileType = wrapper.framework; includeInIndex = 0; path = Pods_Tweet_Me.framework; sourceTree = BUILT_PRODUCTS_DIR; };
/* End PBXFileReference section */

/* Begin PBXFrameworksBuildPhase section */
		CAB86A3025E5BFF00050D6A2 /* Frameworks */ = {
			isa = PBXFrameworksBuildPhase;
			buildActionMask = 2147483647;
			files = (
				60A94BE2F687F17384B823BF /* Pods_Tweet_Me.framework in Frameworks */,
			);
			runOnlyForDeploymentPostprocessing = 0;
		};
/* End PBXFrameworksBuildPhase section */

/* Begin PBXGroup section */
		261D67C5E9F1B9E10B83D082 /* Frameworks */ = {
			isa = PBXGroup;
			children = (
				CCFB1334ADE752F27477EA06 /* Pods_Tweet_Me.framework */,
			);
			name = Frameworks;
			sourceTree = "<group>";
		};
		3312098D25FBE6F384193260 /* Pods */ = {
			isa = PBXGroup;
			children = (
				43FB7BEDF8FE98D53089CF0B /* Pods-Tweet_Me.debug.xcconfig */,
				CC8DCE9C0A6B98F5CDCB6E57 /* Pods-Tweet_Me.release.xcconfig */,
			);
			path = Pods;
			sourceTree = "<group>";
		};
		CA9E3EA325EDB9BE005AC5E4 /* Models */ = {
			isa = PBXGroup;
			children = (
				CA6C466325EB12BD0001E863 /* User.swift */,
				CA9E3E9525EC8ACF005AC5E4 /* Tweet.swift */,
			);
			path = Models;
			sourceTree = "<group>";
		};
		CAB86A2A25E5BFF00050D6A2 = {
			isa = PBXGroup;
			children = (
				CAB86A3525E5BFF00050D6A2 /* Tweet_Me */,
				CAB86A3425E5BFF00050D6A2 /* Products */,
				3312098D25FBE6F384193260 /* Pods */,
				261D67C5E9F1B9E10B83D082 /* Frameworks */,
			);
			sourceTree = "<group>";
		};
		CAB86A3425E5BFF00050D6A2 /* Products */ = {
			isa = PBXGroup;
			children = (
				CAB86A3325E5BFF00050D6A2 /* Tweet_Me.app */,
			);
			name = Products;
			sourceTree = "<group>";
		};
		CAB86A3525E5BFF00050D6A2 /* Tweet_Me */ = {
			isa = PBXGroup;
			children = (
				CAD6721525EDBA30007C6F17 /* ViewModel */,
				CAB86A4C25E5C0A60050D6A2 /* View */,
				CA9E3EA325EDB9BE005AC5E4 /* Models */,
				CAB86A4E25E5C0B70050D6A2 /* Controller */,
				CAB86A5025E5C0CE0050D6A2 /* API */,
				CAB86A5125E5C0D30050D6A2 /* Utils */,
				CAB86A3A25E5BFF00050D6A2 /* ViewController.swift */,
				CAB86A3F25E5BFF10050D6A2 /* Assets.xcassets */,
				CAB86A4125E5BFF10050D6A2 /* LaunchScreen.storyboard */,
				CAB86A3C25E5BFF00050D6A2 /* Main.storyboard */,
				CAB86A3625E5BFF00050D6A2 /* AppDelegate.swift */,
				CAB86A3825E5BFF00050D6A2 /* SceneDelegate.swift */,
				CAB86A4425E5BFF10050D6A2 /* Info.plist */,
				CA7547F225E9C39400B997DF /* GoogleService-Info.plist */,
			);
			path = Tweet_Me;
			sourceTree = "<group>";
		};
		CAB86A4C25E5C0A60050D6A2 /* View */ = {
			isa = PBXGroup;
			children = (
				CA9E3E8F25EC3A69005AC5E4 /* CaptionTextView.swift */,
				CA9E3E9825ECADD0005AC5E4 /* TweetCell.swift */,
				CA80AA0E25EE073B00ADCFD8 /* ProfileHeader.swift */,
				CA80AA1125EF151200ADCFD8 /* ProfileFilterView.swift */,
				CA80AA1425EF186600ADCFD8 /* ProfileFilterCell.swift */,
				CAD741B425F1A88D00D0542F /* UserCell.swift */,
			);
			path = View;
			sourceTree = "<group>";
		};
		CAB86A4E25E5C0B70050D6A2 /* Controller */ = {
			isa = PBXGroup;
			children = (
				CAB86A6925E6247A0050D6A2 /* Authentication */,
				CAB86A5225E5C2FB0050D6A2 /* MainTapController.swift */,
				CAB86A5A25E5C4640050D6A2 /* FeedController.swift */,
				CAB86A5D25E5C4CF0050D6A2 /* ExploreController.swift */,
				CAB86A6025E5C5060050D6A2 /* NotificationsController.swift */,
				CAB86A6325E5C51D0050D6A2 /* ConversationsController.swift */,
				CA9E3E6825EC18B2005AC5E4 /* UploadTweetController.swift */,
				CA80AA0B25EDFCCF00ADCFD8 /* ProfileController.swift */,
			);
			path = Controller;
			sourceTree = "<group>";
		};
		CAB86A5025E5C0CE0050D6A2 /* API */ = {
			isa = PBXGroup;
			children = (
				CAA466B525EA24370052BBD5 /* AuthService.swift */,
				CA9E3E9225EC45AB005AC5E4 /* TweetService.swift */,
				CA9E3E9C25ECDB6E005AC5E4 /* UserService.swift */,
			);
			path = API;
			sourceTree = "<group>";
		};
		CAB86A5125E5C0D30050D6A2 /* Utils */ = {
			isa = PBXGroup;
			children = (
				CAB86A6625E6173E0050D6A2 /* Extensions.swift */,
				CAB86A7125E6D6800050D6A2 /* Utilities.swift */,
				CAA466B225E9FCB50052BBD5 /* Constants.swift */,
			);
			path = Utils;
			sourceTree = "<group>";
		};
		CAB86A6925E6247A0050D6A2 /* Authentication */ = {
			isa = PBXGroup;
			children = (
				CAB86A6A25E624AB0050D6A2 /* LogginController.swift */,
				CAB86A6D25E6254D0050D6A2 /* RegistrationController.swift */,
			);
			path = Authentication;
			sourceTree = "<group>";
		};
		CAD6721525EDBA30007C6F17 /* ViewModel */ = {
			isa = PBXGroup;
			children = (
				CA9E3EA025ED9E92005AC5E4 /* TweetViewModel.swift */,
				CA80AA1B25EF600E00ADCFD8 /* ProfileFilterOptions.swift */,
			);
			path = ViewModel;
			sourceTree = "<group>";
		};
/* End PBXGroup section */

/* Begin PBXNativeTarget section */
		CAB86A3225E5BFF00050D6A2 /* Tweet_Me */ = {
			isa = PBXNativeTarget;
			buildConfigurationList = CAB86A4725E5BFF10050D6A2 /* Build configuration list for PBXNativeTarget "Tweet_Me" */;
			buildPhases = (
				E55655C9F8731BE8A66915F2 /* [CP] Check Pods Manifest.lock */,
				CAB86A2F25E5BFF00050D6A2 /* Sources */,
				CAB86A3025E5BFF00050D6A2 /* Frameworks */,
				CAB86A3125E5BFF00050D6A2 /* Resources */,
				91F6A0BF1A0B9800D52B8B51 /* [CP] Embed Pods Frameworks */,
			);
			buildRules = (
			);
			dependencies = (
			);
			name = Tweet_Me;
			productName = Tweet_Me;
			productReference = CAB86A3325E5BFF00050D6A2 /* Tweet_Me.app */;
			productType = "com.apple.product-type.application";
		};
/* End PBXNativeTarget section */

/* Begin PBXProject section */
		CAB86A2B25E5BFF00050D6A2 /* Project object */ = {
			isa = PBXProject;
			attributes = {
				LastSwiftUpdateCheck = 1240;
				LastUpgradeCheck = 1240;
				TargetAttributes = {
					CAB86A3225E5BFF00050D6A2 = {
						CreatedOnToolsVersion = 12.4;
					};
				};
			};
			buildConfigurationList = CAB86A2E25E5BFF00050D6A2 /* Build configuration list for PBXProject "Tweet_Me" */;
			compatibilityVersion = "Xcode 9.3";
			developmentRegion = en;
			hasScannedForEncodings = 0;
			knownRegions = (
				en,
				Base,
			);
			mainGroup = CAB86A2A25E5BFF00050D6A2;
			productRefGroup = CAB86A3425E5BFF00050D6A2 /* Products */;
			projectDirPath = "";
			projectRoot = "";
			targets = (
				CAB86A3225E5BFF00050D6A2 /* Tweet_Me */,
			);
		};
/* End PBXProject section */

/* Begin PBXResourcesBuildPhase section */
		CAB86A3125E5BFF00050D6A2 /* Resources */ = {
			isa = PBXResourcesBuildPhase;
			buildActionMask = 2147483647;
			files = (
				CAB86A4325E5BFF10050D6A2 /* LaunchScreen.storyboard in Resources */,
				CA7547F325E9C39400B997DF /* GoogleService-Info.plist in Resources */,
				CAB86A4025E5BFF10050D6A2 /* Assets.xcassets in Resources */,
				CAB86A3E25E5BFF00050D6A2 /* Main.storyboard in Resources */,
			);
			runOnlyForDeploymentPostprocessing = 0;
		};
/* End PBXResourcesBuildPhase section */

/* Begin PBXShellScriptBuildPhase section */
		91F6A0BF1A0B9800D52B8B51 /* [CP] Embed Pods Frameworks */ = {
			isa = PBXShellScriptBuildPhase;
			buildActionMask = 2147483647;
			files = (
			);
			inputFileListPaths = (
				"${PODS_ROOT}/Target Support Files/Pods-Tweet_Me/Pods-Tweet_Me-frameworks-${CONFIGURATION}-input-files.xcfilelist",
			);
			name = "[CP] Embed Pods Frameworks";
			outputFileListPaths = (
				"${PODS_ROOT}/Target Support Files/Pods-Tweet_Me/Pods-Tweet_Me-frameworks-${CONFIGURATION}-output-files.xcfilelist",
			);
			runOnlyForDeploymentPostprocessing = 0;
			shellPath = /bin/sh;
			shellScript = "\"${PODS_ROOT}/Target Support Files/Pods-Tweet_Me/Pods-Tweet_Me-frameworks.sh\"\n";
			showEnvVarsInLog = 0;
		};
		E55655C9F8731BE8A66915F2 /* [CP] Check Pods Manifest.lock */ = {
			isa = PBXShellScriptBuildPhase;
			buildActionMask = 2147483647;
			files = (
			);
			inputFileListPaths = (
			);
			inputPaths = (
				"${PODS_PODFILE_DIR_PATH}/Podfile.lock",
				"${PODS_ROOT}/Manifest.lock",
			);
			name = "[CP] Check Pods Manifest.lock";
			outputFileListPaths = (
			);
			outputPaths = (
				"$(DERIVED_FILE_DIR)/Pods-Tweet_Me-checkManifestLockResult.txt",
			);
			runOnlyForDeploymentPostprocessing = 0;
			shellPath = /bin/sh;
			shellScript = "diff \"${PODS_PODFILE_DIR_PATH}/Podfile.lock\" \"${PODS_ROOT}/Manifest.lock\" > /dev/null\nif [ $? != 0 ] ; then\n    # print error to STDERR\n    echo \"error: The sandbox is not in sync with the Podfile.lock. Run 'pod install' or update your CocoaPods installation.\" >&2\n    exit 1\nfi\n# This output is used by Xcode 'outputs' to avoid re-running this script phase.\necho \"SUCCESS\" > \"${SCRIPT_OUTPUT_FILE_0}\"\n";
			showEnvVarsInLog = 0;
		};
/* End PBXShellScriptBuildPhase section */

/* Begin PBXSourcesBuildPhase section */
		CAB86A2F25E5BFF00050D6A2 /* Sources */ = {
			isa = PBXSourcesBuildPhase;
			buildActionMask = 2147483647;
			files = (
				CAB86A5325E5C2FB0050D6A2 /* MainTapController.swift in Sources */,
				CA9E3E9325EC45AB005AC5E4 /* TweetService.swift in Sources */,
				CAB86A6725E6173E0050D6A2 /* Extensions.swift in Sources */,
				CAB86A3B25E5BFF00050D6A2 /* ViewController.swift in Sources */,
				CAB86A6425E5C51D0050D6A2 /* ConversationsController.swift in Sources */,
				CA9E3E6925EC18B2005AC5E4 /* UploadTweetController.swift in Sources */,
				CA9E3E9D25ECDB6E005AC5E4 /* UserService.swift in Sources */,
				CA6C466425EB12BD0001E863 /* User.swift in Sources */,
				CA80AA1225EF151200ADCFD8 /* ProfileFilterView.swift in Sources */,
				CA80AA0F25EE073B00ADCFD8 /* ProfileHeader.swift in Sources */,
				CA80AA1C25EF600E00ADCFD8 /* ProfileFilterOptions.swift in Sources */,
				CA9E3E9025EC3A69005AC5E4 /* CaptionTextView.swift in Sources */,
				CA80AA0C25EDFCCF00ADCFD8 /* ProfileController.swift in Sources */,
				CAB86A5B25E5C4640050D6A2 /* FeedController.swift in Sources */,
				CAB86A3725E5BFF00050D6A2 /* AppDelegate.swift in Sources */,
				CAB86A7225E6D6800050D6A2 /* Utilities.swift in Sources */,
				CA80AA1525EF186600ADCFD8 /* ProfileFilterCell.swift in Sources */,
				CA9E3EA125ED9E92005AC5E4 /* TweetViewModel.swift in Sources */,
				CA9E3E9625EC8ACF005AC5E4 /* Tweet.swift in Sources */,
				CAA466B325E9FCB50052BBD5 /* Constants.swift in Sources */,
				CAD741B525F1A88D00D0542F /* UserCell.swift in Sources */,
				CAB86A6E25E6254D0050D6A2 /* RegistrationController.swift in Sources */,
				CAB86A6125E5C5060050D6A2 /* NotificationsController.swift in Sources */,
				CA9E3E9925ECADD0005AC5E4 /* TweetCell.swift in Sources */,
				CAB86A6B25E624AB0050D6A2 /* LogginController.swift in Sources */,
				CAB86A3925E5BFF00050D6A2 /* SceneDelegate.swift in Sources */,
				CAB86A5E25E5C4CF0050D6A2 /* ExploreController.swift in Sources */,
				CAA466B625EA24370052BBD5 /* AuthService.swift in Sources */,
			);
			runOnlyForDeploymentPostprocessing = 0;
		};
/* End PBXSourcesBuildPhase section */

/* Begin PBXVariantGroup section */
		CAB86A3C25E5BFF00050D6A2 /* Main.storyboard */ = {
			isa = PBXVariantGroup;
			children = (
				CAB86A3D25E5BFF00050D6A2 /* Base */,
			);
			name = Main.storyboard;
			sourceTree = "<group>";
		};
		CAB86A4125E5BFF10050D6A2 /* LaunchScreen.storyboard */ = {
			isa = PBXVariantGroup;
			children = (
				CAB86A4225E5BFF10050D6A2 /* Base */,
			);
			name = LaunchScreen.storyboard;
			sourceTree = "<group>";
		};
/* End PBXVariantGroup section */

/* Begin XCBuildConfiguration section */
		CAB86A4525E5BFF10050D6A2 /* Debug */ = {
			isa = XCBuildConfiguration;
			buildSettings = {
				ALWAYS_SEARCH_USER_PATHS = NO;
				CLANG_ANALYZER_NONNULL = YES;
				CLANG_ANALYZER_NUMBER_OBJECT_CONVERSION = YES_AGGRESSIVE;
				CLANG_CXX_LANGUAGE_STANDARD = "gnu++14";
				CLANG_CXX_LIBRARY = "libc++";
				CLANG_ENABLE_MODULES = YES;
				CLANG_ENABLE_OBJC_ARC = YES;
				CLANG_ENABLE_OBJC_WEAK = YES;
				CLANG_WARN_BLOCK_CAPTURE_AUTORELEASING = YES;
				CLANG_WARN_BOOL_CONVERSION = YES;
				CLANG_WARN_COMMA = YES;
				CLANG_WARN_CONSTANT_CONVERSION = YES;
				CLANG_WARN_DEPRECATED_OBJC_IMPLEMENTATIONS = YES;
				CLANG_WARN_DIRECT_OBJC_ISA_USAGE = YES_ERROR;
				CLANG_WARN_DOCUMENTATION_COMMENTS = YES;
				CLANG_WARN_EMPTY_BODY = YES;
				CLANG_WARN_ENUM_CONVERSION = YES;
				CLANG_WARN_INFINITE_RECURSION = YES;
				CLANG_WARN_INT_CONVERSION = YES;
				CLANG_WARN_NON_LITERAL_NULL_CONVERSION = YES;
				CLANG_WARN_OBJC_IMPLICIT_RETAIN_SELF = YES;
				CLANG_WARN_OBJC_LITERAL_CONVERSION = YES;
				CLANG_WARN_OBJC_ROOT_CLASS = YES_ERROR;
				CLANG_WARN_QUOTED_INCLUDE_IN_FRAMEWORK_HEADER = YES;
				CLANG_WARN_RANGE_LOOP_ANALYSIS = YES;
				CLANG_WARN_STRICT_PROTOTYPES = YES;
				CLANG_WARN_SUSPICIOUS_MOVE = YES;
				CLANG_WARN_UNGUARDED_AVAILABILITY = YES_AGGRESSIVE;
				CLANG_WARN_UNREACHABLE_CODE = YES;
				CLANG_WARN__DUPLICATE_METHOD_MATCH = YES;
				COPY_PHASE_STRIP = NO;
				DEBUG_INFORMATION_FORMAT = dwarf;
				ENABLE_STRICT_OBJC_MSGSEND = YES;
				ENABLE_TESTABILITY = YES;
				GCC_C_LANGUAGE_STANDARD = gnu11;
				GCC_DYNAMIC_NO_PIC = NO;
				GCC_NO_COMMON_BLOCKS = YES;
				GCC_OPTIMIZATION_LEVEL = 0;
				GCC_PREPROCESSOR_DEFINITIONS = (
					"DEBUG=1",
					"$(inherited)",
				);
				GCC_WARN_64_TO_32_BIT_CONVERSION = YES;
				GCC_WARN_ABOUT_RETURN_TYPE = YES_ERROR;
				GCC_WARN_UNDECLARED_SELECTOR = YES;
				GCC_WARN_UNINITIALIZED_AUTOS = YES_AGGRESSIVE;
				GCC_WARN_UNUSED_FUNCTION = YES;
				GCC_WARN_UNUSED_VARIABLE = YES;
				IPHONEOS_DEPLOYMENT_TARGET = 14.4;
				MTL_ENABLE_DEBUG_INFO = INCLUDE_SOURCE;
				MTL_FAST_MATH = YES;
				ONLY_ACTIVE_ARCH = YES;
				SDKROOT = iphoneos;
				SWIFT_ACTIVE_COMPILATION_CONDITIONS = DEBUG;
				SWIFT_OPTIMIZATION_LEVEL = "-Onone";
			};
			name = Debug;
		};
		CAB86A4625E5BFF10050D6A2 /* Release */ = {
			isa = XCBuildConfiguration;
			buildSettings = {
				ALWAYS_SEARCH_USER_PATHS = NO;
				CLANG_ANALYZER_NONNULL = YES;
				CLANG_ANALYZER_NUMBER_OBJECT_CONVERSION = YES_AGGRESSIVE;
				CLANG_CXX_LANGUAGE_STANDARD = "gnu++14";
				CLANG_CXX_LIBRARY = "libc++";
				CLANG_ENABLE_MODULES = YES;
				CLANG_ENABLE_OBJC_ARC = YES;
				CLANG_ENABLE_OBJC_WEAK = YES;
				CLANG_WARN_BLOCK_CAPTURE_AUTORELEASING = YES;
				CLANG_WARN_BOOL_CONVERSION = YES;
				CLANG_WARN_COMMA = YES;
				CLANG_WARN_CONSTANT_CONVERSION = YES;
				CLANG_WARN_DEPRECATED_OBJC_IMPLEMENTATIONS = YES;
				CLANG_WARN_DIRECT_OBJC_ISA_USAGE = YES_ERROR;
				CLANG_WARN_DOCUMENTATION_COMMENTS = YES;
				CLANG_WARN_EMPTY_BODY = YES;
				CLANG_WARN_ENUM_CONVERSION = YES;
				CLANG_WARN_INFINITE_RECURSION = YES;
				CLANG_WARN_INT_CONVERSION = YES;
				CLANG_WARN_NON_LITERAL_NULL_CONVERSION = YES;
				CLANG_WARN_OBJC_IMPLICIT_RETAIN_SELF = YES;
				CLANG_WARN_OBJC_LITERAL_CONVERSION = YES;
				CLANG_WARN_OBJC_ROOT_CLASS = YES_ERROR;
				CLANG_WARN_QUOTED_INCLUDE_IN_FRAMEWORK_HEADER = YES;
				CLANG_WARN_RANGE_LOOP_ANALYSIS = YES;
				CLANG_WARN_STRICT_PROTOTYPES = YES;
				CLANG_WARN_SUSPICIOUS_MOVE = YES;
				CLANG_WARN_UNGUARDED_AVAILABILITY = YES_AGGRESSIVE;
				CLANG_WARN_UNREACHABLE_CODE = YES;
				CLANG_WARN__DUPLICATE_METHOD_MATCH = YES;
				COPY_PHASE_STRIP = NO;
				DEBUG_INFORMATION_FORMAT = "dwarf-with-dsym";
				ENABLE_NS_ASSERTIONS = NO;
				ENABLE_STRICT_OBJC_MSGSEND = YES;
				GCC_C_LANGUAGE_STANDARD = gnu11;
				GCC_NO_COMMON_BLOCKS = YES;
				GCC_WARN_64_TO_32_BIT_CONVERSION = YES;
				GCC_WARN_ABOUT_RETURN_TYPE = YES_ERROR;
				GCC_WARN_UNDECLARED_SELECTOR = YES;
				GCC_WARN_UNINITIALIZED_AUTOS = YES_AGGRESSIVE;
				GCC_WARN_UNUSED_FUNCTION = YES;
				GCC_WARN_UNUSED_VARIABLE = YES;
				IPHONEOS_DEPLOYMENT_TARGET = 14.4;
				MTL_ENABLE_DEBUG_INFO = NO;
				MTL_FAST_MATH = YES;
				SDKROOT = iphoneos;
				SWIFT_COMPILATION_MODE = wholemodule;
				SWIFT_OPTIMIZATION_LEVEL = "-O";
				VALIDATE_PRODUCT = YES;
			};
			name = Release;
		};
		CAB86A4825E5BFF10050D6A2 /* Debug */ = {
			isa = XCBuildConfiguration;
			baseConfigurationReference = 43FB7BEDF8FE98D53089CF0B /* Pods-Tweet_Me.debug.xcconfig */;
			buildSettings = {
				ASSETCATALOG_COMPILER_APPICON_NAME = AppIcon;
				ASSETCATALOG_COMPILER_GLOBAL_ACCENT_COLOR_NAME = AccentColor;
				CODE_SIGN_STYLE = Automatic;
				DEVELOPMENT_TEAM = 8V89Q595A6;
				INFOPLIST_FILE = Tweet_Me/Info.plist;
				LD_RUNPATH_SEARCH_PATHS = (
					"$(inherited)",
					"@executable_path/Frameworks",
				);
				PRODUCT_BUNDLE_IDENTIFIER = "Mini-project-mai.Tweet-Me";
				PRODUCT_NAME = "$(TARGET_NAME)";
				SWIFT_VERSION = 5.0;
				TARGETED_DEVICE_FAMILY = "1,2";
			};
			name = Debug;
		};
		CAB86A4925E5BFF10050D6A2 /* Release */ = {
			isa = XCBuildConfiguration;
			baseConfigurationReference = CC8DCE9C0A6B98F5CDCB6E57 /* Pods-Tweet_Me.release.xcconfig */;
			buildSettings = {
				ASSETCATALOG_COMPILER_APPICON_NAME = AppIcon;
				ASSETCATALOG_COMPILER_GLOBAL_ACCENT_COLOR_NAME = AccentColor;
				CODE_SIGN_STYLE = Automatic;
				DEVELOPMENT_TEAM = 8V89Q595A6;
				INFOPLIST_FILE = Tweet_Me/Info.plist;
				LD_RUNPATH_SEARCH_PATHS = (
					"$(inherited)",
					"@executable_path/Frameworks",
				);
				PRODUCT_BUNDLE_IDENTIFIER = "Mini-project-mai.Tweet-Me";
				PRODUCT_NAME = "$(TARGET_NAME)";
				SWIFT_VERSION = 5.0;
				TARGETED_DEVICE_FAMILY = "1,2";
			};
			name = Release;
		};
/* End XCBuildConfiguration section */

/* Begin XCConfigurationList section */
		CAB86A2E25E5BFF00050D6A2 /* Build configuration list for PBXProject "Tweet_Me" */ = {
			isa = XCConfigurationList;
			buildConfigurations = (
				CAB86A4525E5BFF10050D6A2 /* Debug */,
				CAB86A4625E5BFF10050D6A2 /* Release */,
			);
			defaultConfigurationIsVisible = 0;
			defaultConfigurationName = Release;
		};
		CAB86A4725E5BFF10050D6A2 /* Build configuration list for PBXNativeTarget "Tweet_Me" */ = {
			isa = XCConfigurationList;
			buildConfigurations = (
				CAB86A4825E5BFF10050D6A2 /* Debug */,
				CAB86A4925E5BFF10050D6A2 /* Release */,
			);
			defaultConfigurationIsVisible = 0;
			defaultConfigurationName = Release;
		};
/* End XCConfigurationList section */
	};
	rootObject = CAB86A2B25E5BFF00050D6A2 /* Project object */;
}
